
Microsoft Visual Studio Solution File, Format Version 12.00
# Visual Studio 2012
Project("{2150E333-8FDC-42A3-9474-1A3956D46DE8}") = ".nuget", ".nuget", "{9324E147-0737-4A19-B537-1FD1D79701D7}"
	ProjectSection(SolutionItems) = preProject
		.nuget\NuGet.Config = .nuget\NuGet.Config
		.nuget\NuGet.exe = .nuget\NuGet.exe
		.nuget\NuGet.targets = .nuget\NuGet.targets
	EndProjectSection
EndProject
Project("{FAE04EC0-301F-11D3-BF4B-00C04F79EFBC}") = "Our.Umbraco.BootEasy.ClientBundling", "Our.Umbraco.BootEasy.ClientBundling\Our.Umbraco.BootEasy.ClientBundling.csproj", "{F575D3A9-BEB2-4DF3-8E6D-5A838B6FF1B9}"
EndProject
Project("{2150E333-8FDC-42A3-9474-1A3956D46DE8}") = "Packaging", "Packaging", "{FF14E316-ABF6-4354-82BF-E8CCAC6ACE83}"
	ProjectSection(SolutionItems) = preProject
		..\Packaging\build.bat = ..\Packaging\build.bat
		..\Packaging\build.xml = ..\Packaging\build.xml
		..\Packaging\package.nuspec = ..\Packaging\package.nuspec
		..\Packaging\Package.xml = ..\Packaging\Package.xml
	EndProjectSection
EndProject
Global
	GlobalSection(SolutionConfigurationPlatforms) = preSolution
		Debug|Any CPU = Debug|Any CPU
		Release|Any CPU = Release|Any CPU
	EndGlobalSection
	GlobalSection(ProjectConfigurationPlatforms) = postSolution
		{F575D3A9-BEB2-4DF3-8E6D-5A838B6FF1B9}.Debug|Any CPU.ActiveCfg = Debug|Any CPU
		{F575D3A9-BEB2-4DF3-8E6D-5A838B6FF1B9}.Debug|Any CPU.Build.0 = Debug|Any CPU
		{F575D3A9-BEB2-4DF3-8E6D-5A838B6FF1B9}.Release|Any CPU.ActiveCfg = Release|Any CPU
		{F575D3A9-BEB2-4DF3-8E6D-5A838B6FF1B9}.Release|Any CPU.Build.0 = Release|Any CPU
	EndGlobalSection
	GlobalSection(SolutionProperties) = preSolution
		HideSolutionNode = FALSE
	EndGlobalSection
EndGlobal
